version = 1

[[packages]]
identifier = "atopile/logos"
source = "registry"
resolved = "0.2.0"
dependencies = []

[[packages]]
identifier = "atopile/batteries"
source = "registry"
resolved = "0.2.3"
dependencies = []

[[packages]]
identifier = "atopile/ti-bq25185"
source = "registry"
resolved = "0.3.0"
dependencies = []

[[packages]]
identifier = "atopile/ti-tps63020"
source = "registry"
resolved = "0.2.2"
dependencies = []

[[packages]]
identifier = "atopile/ti-tps563201"
source = "registry"
resolved = "0.1.9"
dependencies = []

[[packages]]
identifier = "atopile/espressif-esp32-c3"
source = "registry"
resolved = "0.1.3"
dependencies = ["atopile/buttons"]

[[packages]]
identifier = "atopile/buttons"
source = "registry"
resolved = "0.2.4"
dependencies = []

[[packages]]
identifier = "atopile/st-lsm6ds3"
source = "registry"
resolved = "0.2.0"
dependencies = []

[[packages]]
identifier = "atopile/microphones"
source = "registry"
resolved = "0.2.1"
dependencies = []

[[packages]]
identifier = "atopile/addressable-leds"
source = "registry"
resolved = "0.2.6"
dependencies = []

[[packages]]
identifier = "atopile/usb-connectors"
source = "registry"
resolved = "0.2.2"
dependencies = []

[[packages]]
identifier = "atopile/ti-tlv75901"
source = "registry"
resolved = "0.4.0"
dependencies = []
